
Microsoft Visual Studio Solution File, Format Version 12.00
Project("{FAE04EC0-301F-11D3-BF4B-00C04F79EFBC}") = "JBF.Core", "JBF.Core\JBF.Core.csproj", "{15CE775F-A37A-429B-BCF5-E35D001964B9}"
EndProject
Project("{FAE04EC0-301F-11D3-BF4B-00C04F79EFBC}") = "JBF.Api", "JBF.Api\JBF.Api.csproj", "{2D10D9AF-AF0D-453E-9282-BE9BFF8555D1}"
EndProject
Project("{FAE04EC0-301F-11D3-BF4B-00C04F79EFBC}") = "JBF.TestModule", "JBF.TestModule\JBF.TestModule.csproj", "{BE233F3B-5890-4494-9A4C-80F83B6B6616}"
EndProject
Project("{FAE04EC0-301F-11D3-BF4B-00C04F79EFBC}") = "JBF.Menu", "JBF.Menu\JBF.Menu.csproj", "{7221DEDD-8B12-4245-BD54-458B4F33588F}"
EndProject
Project("{FAE04EC0-301F-11D3-BF4B-00C04F79EFBC}") = "JBF.Warden", "JBF.Warden\JBF.Warden.csproj", "{A2A3E85E-B5B7-4911-9F6E-8BD379D2515B}"
EndProject
Project("{FAE04EC0-301F-11D3-BF4B-00C04F79EFBC}") = "JBF.CommanderTools", "JBF.CommanderTools\JBF.CommanderTools.csproj", "{A5774CC9-E710-44EE-842A-9BA6F0A70EED}"
EndProject
Project("{FAE04EC0-301F-11D3-BF4B-00C04F79EFBC}") = "JBF.MapMarkers", "JBF.MapMarkers\JBF.MapMarkers.csproj", "{0E0E3B80-9A05-4A1E-BEF8-C91D5875860F}"
EndProject
Project("{FAE04EC0-301F-11D3-BF4B-00C04F79EFBC}") = "JBF.SpecialDays", "JBF.SpecialDays\JBF.SpecialDays.csproj", "{FC55FB23-06B7-44E4-B840-744AADC314BF}"
EndProject
Project("{FAE04EC0-301F-11D3-BF4B-00C04F79EFBC}") = "JBF.SpecialDays.HideAndSeek", "JBF.SpecialDays.HideAndSeek\JBF.SpecialDays.HideAndSeek.csproj", "{B119B00E-4B7A-4A3A-8F85-551373959626}"
EndProject
Project("{FAE04EC0-301F-11D3-BF4B-00C04F79EFBC}") = "JBF.SpecialDays.HungerGames", "JBF.SpecialDays.HungerGames\JBF.SpecialDays.HungerGames.csproj", "{43DF2934-861D-4E32-AC7E-F2A50DE2B35B}"
EndProject
Project("{FAE04EC0-301F-11D3-BF4B-00C04F79EFBC}") = "JBF.SpecialDays.BossFight", "JBF.SpecialDays.BossFight\JBF.SpecialDays.BossFight.csproj", "{1FF02679-E47B-497A-A7A8-9C8F6FE3C21E}"
EndProject
Project("{FAE04EC0-301F-11D3-BF4B-00C04F79EFBC}") = "JBF.SpecialDays.ArmRace", "JBF.SpecialDays.ArmRace\JBF.SpecialDays.ArmRace.csproj", "{C510CC56-0355-4DA2-91C0-C3B046473BE1}"
EndProject
Project("{FAE04EC0-301F-11D3-BF4B-00C04F79EFBC}") = "JBF.LR", "JBF.LR\JBF.LR.csproj", "{4C1EEE43-E7B6-4B46-B3C3-DF8F07847DEA}"
EndProject
Project("{FAE04EC0-301F-11D3-BF4B-00C04F79EFBC}") = "JBF.Shop", "JBF.Shop\JBF.Shop.csproj", "{4DCF55E4-A070-4295-8A64-F699126BB440}"
EndProject
Project("{FAE04EC0-301F-11D3-BF4B-00C04F79EFBC}") = "JBF.Admin", "JBF.Admin\JBF.Admin.csproj", "{A2E9FBD4-BFFB-48C6-ACB8-1B7EFF08A0E9}"
EndProject
Global
	GlobalSection(SolutionConfigurationPlatforms) = preSolution
		Debug|Any CPU = Debug|Any CPU
		Debug|x64 = Debug|x64
		Debug|x86 = Debug|x86
		Release|Any CPU = Release|Any CPU
		Release|x64 = Release|x64
		Release|x86 = Release|x86
	EndGlobalSection
	GlobalSection(ProjectConfigurationPlatforms) = postSolution
		{15CE775F-A37A-429B-BCF5-E35D001964B9}.Debug|Any CPU.ActiveCfg = Debug|Any CPU
		{15CE775F-A37A-429B-BCF5-E35D001964B9}.Debug|Any CPU.Build.0 = Debug|Any CPU
		{15CE775F-A37A-429B-BCF5-E35D001964B9}.Debug|x64.ActiveCfg = Debug|Any CPU
		{15CE775F-A37A-429B-BCF5-E35D001964B9}.Debug|x64.Build.0 = Debug|Any CPU
		{15CE775F-A37A-429B-BCF5-E35D001964B9}.Debug|x86.ActiveCfg = Debug|Any CPU
		{15CE775F-A37A-429B-BCF5-E35D001964B9}.Debug|x86.Build.0 = Debug|Any CPU
		{15CE775F-A37A-429B-BCF5-E35D001964B9}.Release|Any CPU.ActiveCfg = Release|Any CPU
		{15CE775F-A37A-429B-BCF5-E35D001964B9}.Release|Any CPU.Build.0 = Release|Any CPU
		{15CE775F-A37A-429B-BCF5-E35D001964B9}.Release|x64.ActiveCfg = Release|Any CPU
		{15CE775F-A37A-429B-BCF5-E35D001964B9}.Release|x64.Build.0 = Release|Any CPU
		{15CE775F-A37A-429B-BCF5-E35D001964B9}.Release|x86.ActiveCfg = Release|Any CPU
		{15CE775F-A37A-429B-BCF5-E35D001964B9}.Release|x86.Build.0 = Release|Any CPU
		{2D10D9AF-AF0D-453E-9282-BE9BFF8555D1}.Debug|Any CPU.ActiveCfg = Debug|Any CPU
		{2D10D9AF-AF0D-453E-9282-BE9BFF8555D1}.Debug|Any CPU.Build.0 = Debug|Any CPU
		{2D10D9AF-AF0D-453E-9282-BE9BFF8555D1}.Debug|x64.ActiveCfg = Debug|Any CPU
		{2D10D9AF-AF0D-453E-9282-BE9BFF8555D1}.Debug|x64.Build.0 = Debug|Any CPU
		{2D10D9AF-AF0D-453E-9282-BE9BFF8555D1}.Debug|x86.ActiveCfg = Debug|Any CPU
		{2D10D9AF-AF0D-453E-9282-BE9BFF8555D1}.Debug|x86.Build.0 = Debug|Any CPU
		{2D10D9AF-AF0D-453E-9282-BE9BFF8555D1}.Release|Any CPU.ActiveCfg = Release|Any CPU
		{2D10D9AF-AF0D-453E-9282-BE9BFF8555D1}.Release|Any CPU.Build.0 = Release|Any CPU
		{2D10D9AF-AF0D-453E-9282-BE9BFF8555D1}.Release|x64.ActiveCfg = Release|Any CPU
		{2D10D9AF-AF0D-453E-9282-BE9BFF8555D1}.Release|x64.Build.0 = Release|Any CPU
		{2D10D9AF-AF0D-453E-9282-BE9BFF8555D1}.Release|x86.ActiveCfg = Release|Any CPU
		{2D10D9AF-AF0D-453E-9282-BE9BFF8555D1}.Release|x86.Build.0 = Release|Any CPU
		{BE233F3B-5890-4494-9A4C-80F83B6B6616}.Debug|Any CPU.ActiveCfg = Debug|Any CPU
		{BE233F3B-5890-4494-9A4C-80F83B6B6616}.Debug|Any CPU.Build.0 = Debug|Any CPU
		{BE233F3B-5890-4494-9A4C-80F83B6B6616}.Debug|x64.ActiveCfg = Debug|Any CPU
		{BE233F3B-5890-4494-9A4C-80F83B6B6616}.Debug|x64.Build.0 = Debug|Any CPU
		{BE233F3B-5890-4494-9A4C-80F83B6B6616}.Debug|x86.ActiveCfg = Debug|Any CPU
		{BE233F3B-5890-4494-9A4C-80F83B6B6616}.Debug|x86.Build.0 = Debug|Any CPU
		{BE233F3B-5890-4494-9A4C-80F83B6B6616}.Release|Any CPU.ActiveCfg = Release|Any CPU
		{BE233F3B-5890-4494-9A4C-80F83B6B6616}.Release|Any CPU.Build.0 = Release|Any CPU
		{BE233F3B-5890-4494-9A4C-80F83B6B6616}.Release|x64.ActiveCfg = Release|Any CPU
		{BE233F3B-5890-4494-9A4C-80F83B6B6616}.Release|x64.Build.0 = Release|Any CPU
		{BE233F3B-5890-4494-9A4C-80F83B6B6616}.Release|x86.ActiveCfg = Release|Any CPU
		{BE233F3B-5890-4494-9A4C-80F83B6B6616}.Release|x86.Build.0 = Release|Any CPU
		{7221DEDD-8B12-4245-BD54-458B4F33588F}.Debug|Any CPU.ActiveCfg = Debug|Any CPU
		{7221DEDD-8B12-4245-BD54-458B4F33588F}.Debug|Any CPU.Build.0 = Debug|Any CPU
		{7221DEDD-8B12-4245-BD54-458B4F33588F}.Debug|x64.ActiveCfg = Debug|Any CPU
		{7221DEDD-8B12-4245-BD54-458B4F33588F}.Debug|x64.Build.0 = Debug|Any CPU
		{7221DEDD-8B12-4245-BD54-458B4F33588F}.Debug|x86.ActiveCfg = Debug|Any CPU
		{7221DEDD-8B12-4245-BD54-458B4F33588F}.Debug|x86.Build.0 = Debug|Any CPU
		{7221DEDD-8B12-4245-BD54-458B4F33588F}.Release|Any CPU.ActiveCfg = Release|Any CPU
		{7221DEDD-8B12-4245-BD54-458B4F33588F}.Release|Any CPU.Build.0 = Release|Any CPU
		{7221DEDD-8B12-4245-BD54-458B4F33588F}.Release|x64.ActiveCfg = Release|Any CPU
		{7221DEDD-8B12-4245-BD54-458B4F33588F}.Release|x64.Build.0 = Release|Any CPU
		{7221DEDD-8B12-4245-BD54-458B4F33588F}.Release|x86.ActiveCfg = Release|Any CPU
		{7221DEDD-8B12-4245-BD54-458B4F33588F}.Release|x86.Build.0 = Release|Any CPU
		{A2A3E85E-B5B7-4911-9F6E-8BD379D2515B}.Debug|Any CPU.ActiveCfg = Debug|Any CPU
		{A2A3E85E-B5B7-4911-9F6E-8BD379D2515B}.Debug|Any CPU.Build.0 = Debug|Any CPU
		{A2A3E85E-B5B7-4911-9F6E-8BD379D2515B}.Debug|x64.ActiveCfg = Debug|Any CPU
		{A2A3E85E-B5B7-4911-9F6E-8BD379D2515B}.Debug|x64.Build.0 = Debug|Any CPU
		{A2A3E85E-B5B7-4911-9F6E-8BD379D2515B}.Debug|x86.ActiveCfg = Debug|Any CPU
		{A2A3E85E-B5B7-4911-9F6E-8BD379D2515B}.Debug|x86.Build.0 = Debug|Any CPU
		{A2A3E85E-B5B7-4911-9F6E-8BD379D2515B}.Release|Any CPU.ActiveCfg = Release|Any CPU
		{A2A3E85E-B5B7-4911-9F6E-8BD379D2515B}.Release|Any CPU.Build.0 = Release|Any CPU
		{A2A3E85E-B5B7-4911-9F6E-8BD379D2515B}.Release|x64.ActiveCfg = Release|Any CPU
		{A2A3E85E-B5B7-4911-9F6E-8BD379D2515B}.Release|x64.Build.0 = Release|Any CPU
		{A2A3E85E-B5B7-4911-9F6E-8BD379D2515B}.Release|x86.ActiveCfg = Release|Any CPU
		{A2A3E85E-B5B7-4911-9F6E-8BD379D2515B}.Release|x86.Build.0 = Release|Any CPU
		{A5774CC9-E710-44EE-842A-9BA6F0A70EED}.Debug|Any CPU.ActiveCfg = Debug|Any CPU
		{A5774CC9-E710-44EE-842A-9BA6F0A70EED}.Debug|Any CPU.Build.0 = Debug|Any CPU
		{A5774CC9-E710-44EE-842A-9BA6F0A70EED}.Debug|x64.ActiveCfg = Debug|Any CPU
		{A5774CC9-E710-44EE-842A-9BA6F0A70EED}.Debug|x64.Build.0 = Debug|Any CPU
		{A5774CC9-E710-44EE-842A-9BA6F0A70EED}.Debug|x86.ActiveCfg = Debug|Any CPU
		{A5774CC9-E710-44EE-842A-9BA6F0A70EED}.Debug|x86.Build.0 = Debug|Any CPU
		{A5774CC9-E710-44EE-842A-9BA6F0A70EED}.Release|Any CPU.ActiveCfg = Release|Any CPU
		{A5774CC9-E710-44EE-842A-9BA6F0A70EED}.Release|Any CPU.Build.0 = Release|Any CPU
		{A5774CC9-E710-44EE-842A-9BA6F0A70EED}.Release|x64.ActiveCfg = Release|Any CPU
		{A5774CC9-E710-44EE-842A-9BA6F0A70EED}.Release|x64.Build.0 = Release|Any CPU
		{A5774CC9-E710-44EE-842A-9BA6F0A70EED}.Release|x86.ActiveCfg = Release|Any CPU
		{A5774CC9-E710-44EE-842A-9BA6F0A70EED}.Release|x86.Build.0 = Release|Any CPU
		{0E0E3B80-9A05-4A1E-BEF8-C91D5875860F}.Debug|Any CPU.ActiveCfg = Debug|Any CPU
		{0E0E3B80-9A05-4A1E-BEF8-C91D5875860F}.Debug|Any CPU.Build.0 = Debug|Any CPU
		{0E0E3B80-9A05-4A1E-BEF8-C91D5875860F}.Debug|x64.ActiveCfg = Debug|Any CPU
		{0E0E3B80-9A05-4A1E-BEF8-C91D5875860F}.Debug|x64.Build.0 = Debug|Any CPU
		{0E0E3B80-9A05-4A1E-BEF8-C91D5875860F}.Debug|x86.ActiveCfg = Debug|Any CPU
		{0E0E3B80-9A05-4A1E-BEF8-C91D5875860F}.Debug|x86.Build.0 = Debug|Any CPU
		{0E0E3B80-9A05-4A1E-BEF8-C91D5875860F}.Release|Any CPU.ActiveCfg = Release|Any CPU
		{0E0E3B80-9A05-4A1E-BEF8-C91D5875860F}.Release|Any CPU.Build.0 = Release|Any CPU
		{0E0E3B80-9A05-4A1E-BEF8-C91D5875860F}.Release|x64.ActiveCfg = Release|Any CPU
		{0E0E3B80-9A05-4A1E-BEF8-C91D5875860F}.Release|x64.Build.0 = Release|Any CPU
		{0E0E3B80-9A05-4A1E-BEF8-C91D5875860F}.Release|x86.ActiveCfg = Release|Any CPU
		{0E0E3B80-9A05-4A1E-BEF8-C91D5875860F}.Release|x86.Build.0 = Release|Any CPU
		{FC55FB23-06B7-44E4-B840-744AADC314BF}.Debug|Any CPU.ActiveCfg = Debug|Any CPU
		{FC55FB23-06B7-44E4-B840-744AADC314BF}.Debug|Any CPU.Build.0 = Debug|Any CPU
		{FC55FB23-06B7-44E4-B840-744AADC314BF}.Debug|x64.ActiveCfg = Debug|Any CPU
		{FC55FB23-06B7-44E4-B840-744AADC314BF}.Debug|x64.Build.0 = Debug|Any CPU
		{FC55FB23-06B7-44E4-B840-744AADC314BF}.Debug|x86.ActiveCfg = Debug|Any CPU
		{FC55FB23-06B7-44E4-B840-744AADC314BF}.Debug|x86.Build.0 = Debug|Any CPU
		{FC55FB23-06B7-44E4-B840-744AADC314BF}.Release|Any CPU.ActiveCfg = Release|Any CPU
		{FC55FB23-06B7-44E4-B840-744AADC314BF}.Release|Any CPU.Build.0 = Release|Any CPU
		{FC55FB23-06B7-44E4-B840-744AADC314BF}.Release|x64.ActiveCfg = Release|Any CPU
		{FC55FB23-06B7-44E4-B840-744AADC314BF}.Release|x64.Build.0 = Release|Any CPU
		{FC55FB23-06B7-44E4-B840-744AADC314BF}.Release|x86.ActiveCfg = Release|Any CPU
		{FC55FB23-06B7-44E4-B840-744AADC314BF}.Release|x86.Build.0 = Release|Any CPU
		{B119B00E-4B7A-4A3A-8F85-551373959626}.Debug|Any CPU.ActiveCfg = Debug|Any CPU
		{B119B00E-4B7A-4A3A-8F85-551373959626}.Debug|Any CPU.Build.0 = Debug|Any CPU
		{B119B00E-4B7A-4A3A-8F85-551373959626}.Debug|x64.ActiveCfg = Debug|Any CPU
		{B119B00E-4B7A-4A3A-8F85-551373959626}.Debug|x64.Build.0 = Debug|Any CPU
		{B119B00E-4B7A-4A3A-8F85-551373959626}.Debug|x86.ActiveCfg = Debug|Any CPU
		{B119B00E-4B7A-4A3A-8F85-551373959626}.Debug|x86.Build.0 = Debug|Any CPU
		{B119B00E-4B7A-4A3A-8F85-551373959626}.Release|Any CPU.ActiveCfg = Release|Any CPU
		{B119B00E-4B7A-4A3A-8F85-551373959626}.Release|Any CPU.Build.0 = Release|Any CPU
		{B119B00E-4B7A-4A3A-8F85-551373959626}.Release|x64.ActiveCfg = Release|Any CPU
		{B119B00E-4B7A-4A3A-8F85-551373959626}.Release|x64.Build.0 = Release|Any CPU
		{B119B00E-4B7A-4A3A-8F85-551373959626}.Release|x86.ActiveCfg = Release|Any CPU
		{B119B00E-4B7A-4A3A-8F85-551373959626}.Release|x86.Build.0 = Release|Any CPU
		{43DF2934-861D-4E32-AC7E-F2A50DE2B35B}.Debug|Any CPU.ActiveCfg = Debug|Any CPU
		{43DF2934-861D-4E32-AC7E-F2A50DE2B35B}.Debug|Any CPU.Build.0 = Debug|Any CPU
		{43DF2934-861D-4E32-AC7E-F2A50DE2B35B}.Debug|x64.ActiveCfg = Debug|Any CPU
		{43DF2934-861D-4E32-AC7E-F2A50DE2B35B}.Debug|x64.Build.0 = Debug|Any CPU
		{43DF2934-861D-4E32-AC7E-F2A50DE2B35B}.Debug|x86.ActiveCfg = Debug|Any CPU
		{43DF2934-861D-4E32-AC7E-F2A50DE2B35B}.Debug|x86.Build.0 = Debug|Any CPU
		{43DF2934-861D-4E32-AC7E-F2A50DE2B35B}.Release|Any CPU.ActiveCfg = Release|Any CPU
		{43DF2934-861D-4E32-AC7E-F2A50DE2B35B}.Release|Any CPU.Build.0 = Release|Any CPU
		{43DF2934-861D-4E32-AC7E-F2A50DE2B35B}.Release|x64.ActiveCfg = Release|Any CPU
		{43DF2934-861D-4E32-AC7E-F2A50DE2B35B}.Release|x64.Build.0 = Release|Any CPU
		{43DF2934-861D-4E32-AC7E-F2A50DE2B35B}.Release|x86.ActiveCfg = Release|Any CPU
		{43DF2934-861D-4E32-AC7E-F2A50DE2B35B}.Release|x86.Build.0 = Release|Any CPU
		{1FF02679-E47B-497A-A7A8-9C8F6FE3C21E}.Debug|Any CPU.ActiveCfg = Debug|Any CPU
		{1FF02679-E47B-497A-A7A8-9C8F6FE3C21E}.Debug|Any CPU.Build.0 = Debug|Any CPU
		{1FF02679-E47B-497A-A7A8-9C8F6FE3C21E}.Debug|x64.ActiveCfg = Debug|Any CPU
		{1FF02679-E47B-497A-A7A8-9C8F6FE3C21E}.Debug|x64.Build.0 = Debug|Any CPU
		{1FF02679-E47B-497A-A7A8-9C8F6FE3C21E}.Debug|x86.ActiveCfg = Debug|Any CPU
		{1FF02679-E47B-497A-A7A8-9C8F6FE3C21E}.Debug|x86.Build.0 = Debug|Any CPU
		{1FF02679-E47B-497A-A7A8-9C8F6FE3C21E}.Release|Any CPU.ActiveCfg = Release|Any CPU
		{1FF02679-E47B-497A-A7A8-9C8F6FE3C21E}.Release|Any CPU.Build.0 = Release|Any CPU
		{1FF02679-E47B-497A-A7A8-9C8F6FE3C21E}.Release|x64.ActiveCfg = Release|Any CPU
		{1FF02679-E47B-497A-A7A8-9C8F6FE3C21E}.Release|x64.Build.0 = Release|Any CPU
		{1FF02679-E47B-497A-A7A8-9C8F6FE3C21E}.Release|x86.ActiveCfg = Release|Any CPU
		{1FF02679-E47B-497A-A7A8-9C8F6FE3C21E}.Release|x86.Build.0 = Release|Any CPU
		{C510CC56-0355-4DA2-91C0-C3B046473BE1}.Debug|Any CPU.ActiveCfg = Debug|Any CPU
		{C510CC56-0355-4DA2-91C0-C3B046473BE1}.Debug|Any CPU.Build.0 = Debug|Any CPU
		{C510CC56-0355-4DA2-91C0-C3B046473BE1}.Debug|x64.ActiveCfg = Debug|Any CPU
		{C510CC56-0355-4DA2-91C0-C3B046473BE1}.Debug|x64.Build.0 = Debug|Any CPU
		{C510CC56-0355-4DA2-91C0-C3B046473BE1}.Debug|x86.ActiveCfg = Debug|Any CPU
		{C510CC56-0355-4DA2-91C0-C3B046473BE1}.Debug|x86.Build.0 = Debug|Any CPU
		{C510CC56-0355-4DA2-91C0-C3B046473BE1}.Release|Any CPU.ActiveCfg = Release|Any CPU
		{C510CC56-0355-4DA2-91C0-C3B046473BE1}.Release|Any CPU.Build.0 = Release|Any CPU
		{C510CC56-0355-4DA2-91C0-C3B046473BE1}.Release|x64.ActiveCfg = Release|Any CPU
		{C510CC56-0355-4DA2-91C0-C3B046473BE1}.Release|x64.Build.0 = Release|Any CPU
		{C510CC56-0355-4DA2-91C0-C3B046473BE1}.Release|x86.ActiveCfg = Release|Any CPU
		{C510CC56-0355-4DA2-91C0-C3B046473BE1}.Release|x86.Build.0 = Release|Any CPU
		{4C1EEE43-E7B6-4B46-B3C3-DF8F07847DEA}.Debug|Any CPU.ActiveCfg = Debug|Any CPU
		{4C1EEE43-E7B6-4B46-B3C3-DF8F07847DEA}.Debug|Any CPU.Build.0 = Debug|Any CPU
		{4C1EEE43-E7B6-4B46-B3C3-DF8F07847DEA}.Debug|x64.ActiveCfg = Debug|Any CPU
		{4C1EEE43-E7B6-4B46-B3C3-DF8F07847DEA}.Debug|x64.Build.0 = Debug|Any CPU
		{4C1EEE43-E7B6-4B46-B3C3-DF8F07847DEA}.Debug|x86.ActiveCfg = Debug|Any CPU
		{4C1EEE43-E7B6-4B46-B3C3-DF8F07847DEA}.Debug|x86.Build.0 = Debug|Any CPU
		{4C1EEE43-E7B6-4B46-B3C3-DF8F07847DEA}.Release|Any CPU.ActiveCfg = Release|Any CPU
		{4C1EEE43-E7B6-4B46-B3C3-DF8F07847DEA}.Release|Any CPU.Build.0 = Release|Any CPU
		{4C1EEE43-E7B6-4B46-B3C3-DF8F07847DEA}.Release|x64.ActiveCfg = Release|Any CPU
		{4C1EEE43-E7B6-4B46-B3C3-DF8F07847DEA}.Release|x64.Build.0 = Release|Any CPU
		{4C1EEE43-E7B6-4B46-B3C3-DF8F07847DEA}.Release|x86.ActiveCfg = Release|Any CPU
		{4C1EEE43-E7B6-4B46-B3C3-DF8F07847DEA}.Release|x86.Build.0 = Release|Any CPU
		{4DCF55E4-A070-4295-8A64-F699126BB440}.Debug|Any CPU.ActiveCfg = Debug|Any CPU
		{4DCF55E4-A070-4295-8A64-F699126BB440}.Debug|Any CPU.Build.0 = Debug|Any CPU
		{4DCF55E4-A070-4295-8A64-F699126BB440}.Debug|x64.ActiveCfg = Debug|Any CPU
		{4DCF55E4-A070-4295-8A64-F699126BB440}.Debug|x64.Build.0 = Debug|Any CPU
		{4DCF55E4-A070-4295-8A64-F699126BB440}.Debug|x86.ActiveCfg = Debug|Any CPU
		{4DCF55E4-A070-4295-8A64-F699126BB440}.Debug|x86.Build.0 = Debug|Any CPU
		{4DCF55E4-A070-4295-8A64-F699126BB440}.Release|Any CPU.ActiveCfg = Release|Any CPU
		{4DCF55E4-A070-4295-8A64-F699126BB440}.Release|Any CPU.Build.0 = Release|Any CPU
		{4DCF55E4-A070-4295-8A64-F699126BB440}.Release|x64.ActiveCfg = Release|Any CPU
		{4DCF55E4-A070-4295-8A64-F699126BB440}.Release|x64.Build.0 = Release|Any CPU
		{4DCF55E4-A070-4295-8A64-F699126BB440}.Release|x86.ActiveCfg = Release|Any CPU
		{4DCF55E4-A070-4295-8A64-F699126BB440}.Release|x86.Build.0 = Release|Any CPU
		{A2E9FBD4-BFFB-48C6-ACB8-1B7EFF08A0E9}.Debug|Any CPU.ActiveCfg = Debug|Any CPU
		{A2E9FBD4-BFFB-48C6-ACB8-1B7EFF08A0E9}.Debug|Any CPU.Build.0 = Debug|Any CPU
		{A2E9FBD4-BFFB-48C6-ACB8-1B7EFF08A0E9}.Debug|x64.ActiveCfg = Debug|Any CPU
		{A2E9FBD4-BFFB-48C6-ACB8-1B7EFF08A0E9}.Debug|x64.Build.0 = Debug|Any CPU
		{A2E9FBD4-BFFB-48C6-ACB8-1B7EFF08A0E9}.Debug|x86.ActiveCfg = Debug|Any CPU
		{A2E9FBD4-BFFB-48C6-ACB8-1B7EFF08A0E9}.Debug|x86.Build.0 = Debug|Any CPU
		{A2E9FBD4-BFFB-48C6-ACB8-1B7EFF08A0E9}.Release|Any CPU.ActiveCfg = Release|Any CPU
		{A2E9FBD4-BFFB-48C6-ACB8-1B7EFF08A0E9}.Release|Any CPU.Build.0 = Release|Any CPU
		{A2E9FBD4-BFFB-48C6-ACB8-1B7EFF08A0E9}.Release|x64.ActiveCfg = Release|Any CPU
		{A2E9FBD4-BFFB-48C6-ACB8-1B7EFF08A0E9}.Release|x64.Build.0 = Release|Any CPU
		{A2E9FBD4-BFFB-48C6-ACB8-1B7EFF08A0E9}.Release|x86.ActiveCfg = Release|Any CPU
		{A2E9FBD4-BFFB-48C6-ACB8-1B7EFF08A0E9}.Release|x86.Build.0 = Release|Any CPU
	EndGlobalSection
	GlobalSection(SolutionProperties) = preSolution
		HideSolutionNode = FALSE
	EndGlobalSection
EndGlobal
